
Microsoft Visual Studio Solution File, Format Version 12.00
# Visual Studio Version 17
VisualStudioVersion = 17.5.33414.496
MinimumVisualStudioVersion = 10.0.40219.1
Project("{FAE04EC0-301F-11D3-BF4B-00C04F79EFBC}") = "ServiciosSistemaTutorias", "ServiciosSistemaTutorias\ServiciosSistemaTutorias.csproj", "{697C3BE8-7A3C-47E9-AE85-744D299AF5EA}"
EndProject
Global
	GlobalSection(SolutionConfigurationPlatforms) = preSolution
		Debug|Any CPU = Debug|Any CPU
		Release|Any CPU = Release|Any CPU
	EndGlobalSection
	GlobalSection(ProjectConfigurationPlatforms) = postSolution
		{697C3BE8-7A3C-47E9-AE85-744D299AF5EA}.Debug|Any CPU.ActiveCfg = Debug|Any CPU
		{697C3BE8-7A3C-47E9-AE85-744D299AF5EA}.Debug|Any CPU.Build.0 = Debug|Any CPU
		{697C3BE8-7A3C-47E9-AE85-744D299AF5EA}.Release|Any CPU.ActiveCfg = Release|Any CPU
		{697C3BE8-7A3C-47E9-AE85-744D299AF5EA}.Release|Any CPU.Build.0 = Release|Any CPU
	EndGlobalSection
	GlobalSection(SolutionProperties) = preSolution
		HideSolutionNode = FALSE
	EndGlobalSection
	GlobalSection(ExtensibilityGlobals) = postSolution
		SolutionGuid = {219792E3-2E4C-4B9F-B540-4E45EF4774D8}
	EndGlobalSection
EndGlobal
